{
  "name": "graphgl",
  "version": "1.0.0",
  "lockfileVersion": 1,
  "requires": true,
  "dependencies": {
    "graphql": {
      "version": "15.4.0",
      "resolved": "http://172.16.104.161:8081/repository/npm-all/graphql/-/graphql-15.4.0.tgz",
      "integrity": "sha1-5FneoRUNpaEGSGunJ2UYtSlaQ0c="
    }
  }
}
